// !$*UTF8*$!
{
	archiveVersion = 1;
	classes = {
	};
	objectVersion = 50;
	objects = {

/* Begin PBXBuildFile section */
		6501B976213BD60F00DB60A6 /* AppDelegate.swift in Sources */ = {isa = PBXBuildFile; fileRef = 6501B975213BD60F00DB60A6 /* AppDelegate.swift */; };
		6501B978213BD60F00DB60A6 /* ViewController.swift in Sources */ = {isa = PBXBuildFile; fileRef = 6501B977213BD60F00DB60A6 /* ViewController.swift */; };
		6501B97B213BD60F00DB60A6 /* Main.storyboard in Resources */ = {isa = PBXBuildFile; fileRef = 6501B979213BD60F00DB60A6 /* Main.storyboard */; };
		6501B97D213BD60F00DB60A6 /* Assets.xcassets in Resources */ = {isa = PBXBuildFile; fileRef = 6501B97C213BD60F00DB60A6 /* Assets.xcassets */; };
		6501B980213BD60F00DB60A6 /* LaunchScreen.storyboard in Resources */ = {isa = PBXBuildFile; fileRef = 6501B97E213BD60F00DB60A6 /* LaunchScreen.storyboard */; };
		6501B994213BDC9900DB60A6 /* ScheduleDAO.swift in Sources */ = {isa = PBXBuildFile; fileRef = 6501B98A213BDC9900DB60A6 /* ScheduleDAO.swift */; };
		6501B995213BDC9900DB60A6 /* EventsDAO.swift in Sources */ = {isa = PBXBuildFile; fileRef = 6501B98B213BDC9900DB60A6 /* EventsDAO.swift */; };
		6501B996213BDC9900DB60A6 /* BaseDAO.swift in Sources */ = {isa = PBXBuildFile; fileRef = 6501B98C213BDC9900DB60A6 /* BaseDAO.swift */; };
		6501B997213BDC9900DB60A6 /* Schedule.swift in Sources */ = {isa = PBXBuildFile; fileRef = 6501B98E213BDC9900DB60A6 /* Schedule.swift */; };
		6501B998213BDC9900DB60A6 /* Events.swift in Sources */ = {isa = PBXBuildFile; fileRef = 6501B98F213BDC9900DB60A6 /* Events.swift */; };
		6501B999213BDC9900DB60A6 /* Property List.plist in Resources */ = {isa = PBXBuildFile; fileRef = 6501B991213BDC9900DB60A6 /* Property List.plist */; };
		6501B99A213BDC9900DB60A6 /* DBConfig.plist in Resources */ = {isa = PBXBuildFile; fileRef = 6501B992213BDC9900DB60A6 /* DBConfig.plist */; };
		6501B99B213BDC9900DB60A6 /* create_load.sql in Resources */ = {isa = PBXBuildFile; fileRef = 6501B993213BDC9900DB60A6 /* create_load.sql */; };
		6501B99E213BFBB200DB60A6 /* libsqlite3.0.tbd in Frameworks */ = {isa = PBXBuildFile; fileRef = 6501B99D213BFBB200DB60A6 /* libsqlite3.0.tbd */; };
		6501B9A0213BFD4A00DB60A6 /* DBHelper.swift in Sources */ = {isa = PBXBuildFile; fileRef = 6501B99F213BFD4A00DB60A6 /* DBHelper.swift */; };
		6501B9A4213C115200DB60A6 /* taoer.swift in Sources */ = {isa = PBXBuildFile; fileRef = 6501B9A3213C115200DB60A6 /* taoer.swift */; };
/* End PBXBuildFile section */

/* Begin PBXFileReference section */
		6501B972213BD60F00DB60A6 /* Try1Tokyo.app */ = {isa = PBXFileReference; explicitFileType = wrapper.application; includeInIndex = 0; path = Try1Tokyo.app; sourceTree = BUILT_PRODUCTS_DIR; };
		6501B975213BD60F00DB60A6 /* AppDelegate.swift */ = {isa = PBXFileReference; lastKnownFileType = sourcecode.swift; path = AppDelegate.swift; sourceTree = "<group>"; };
		6501B977213BD60F00DB60A6 /* ViewController.swift */ = {isa = PBXFileReference; lastKnownFileType = sourcecode.swift; path = ViewController.swift; sourceTree = "<group>"; };
		6501B97A213BD60F00DB60A6 /* Base */ = {isa = PBXFileReference; lastKnownFileType = file.storyboard; name = Base; path = Base.lproj/Main.storyboard; sourceTree = "<group>"; };
		6501B97C213BD60F00DB60A6 /* Assets.xcassets */ = {isa = PBXFileReference; lastKnownFileType = folder.assetcatalog; path = Assets.xcassets; sourceTree = "<group>"; };
		6501B97F213BD60F00DB60A6 /* Base */ = {isa = PBXFileReference; lastKnownFileType = file.storyboard; name = Base; path = Base.lproj/LaunchScreen.storyboard; sourceTree = "<group>"; };
		6501B981213BD60F00DB60A6 /* Info.plist */ = {isa = PBXFileReference; lastKnownFileType = text.plist.xml; path = Info.plist; sourceTree = "<group>"; };
		6501B988213BDC9900DB60A6 /* TokyoOlympics-Bridging-Header.h */ = {isa = PBXFileReference; fileEncoding = 4; lastKnownFileType = sourcecode.c.h; path = "TokyoOlympics-Bridging-Header.h"; sourceTree = "<group>"; };
		6501B98A213BDC9900DB60A6 /* ScheduleDAO.swift */ = {isa = PBXFileReference; fileEncoding = 4; lastKnownFileType = sourcecode.swift; path = ScheduleDAO.swift; sourceTree = "<group>"; };
		6501B98B213BDC9900DB60A6 /* EventsDAO.swift */ = {isa = PBXFileReference; fileEncoding = 4; lastKnownFileType = sourcecode.swift; path = EventsDAO.swift; sourceTree = "<group>"; };
		6501B98C213BDC9900DB60A6 /* BaseDAO.swift */ = {isa = PBXFileReference; fileEncoding = 4; lastKnownFileType = sourcecode.swift; path = BaseDAO.swift; sourceTree = "<group>"; };
		6501B98E213BDC9900DB60A6 /* Schedule.swift */ = {isa = PBXFileReference; fileEncoding = 4; lastKnownFileType = sourcecode.swift; path = Schedule.swift; sourceTree = "<group>"; };
		6501B98F213BDC9900DB60A6 /* Events.swift */ = {isa = PBXFileReference; fileEncoding = 4; lastKnownFileType = sourcecode.swift; path = Events.swift; sourceTree = "<group>"; };
		6501B991213BDC9900DB60A6 /* Property List.plist */ = {isa = PBXFileReference; fileEncoding = 4; lastKnownFileType = text.plist.xml; path = "Property List.plist"; sourceTree = "<group>"; };
		6501B992213BDC9900DB60A6 /* DBConfig.plist */ = {isa = PBXFileReference; fileEncoding = 4; lastKnownFileType = text.plist.xml; path = DBConfig.plist; sourceTree = "<group>"; };
		6501B993213BDC9900DB60A6 /* create_load.sql */ = {isa = PBXFileReference; fileEncoding = 4; lastKnownFileType = text; path = create_load.sql; sourceTree = "<group>"; };
		6501B99D213BFBB200DB60A6 /* libsqlite3.0.tbd */ = {isa = PBXFileReference; lastKnownFileType = "sourcecode.text-based-dylib-definition"; name = libsqlite3.0.tbd; path = usr/lib/libsqlite3.0.tbd; sourceTree = SDKROOT; };
		6501B99F213BFD4A00DB60A6 /* DBHelper.swift */ = {isa = PBXFileReference; lastKnownFileType = sourcecode.swift; path = DBHelper.swift; sourceTree = "<group>"; };
		6501B9A3213C115200DB60A6 /* taoer.swift */ = {isa = PBXFileReference; lastKnownFileType = sourcecode.swift; path = taoer.swift; sourceTree = "<group>"; };
/* End PBXFileReference section */

/* Begin PBXFrameworksBuildPhase section */
		6501B96F213BD60F00DB60A6 /* Frameworks */ = {
			isa = PBXFrameworksBuildPhase;
			buildActionMask = 2147483647;
			files = (
				6501B99E213BFBB200DB60A6 /* libsqlite3.0.tbd in Frameworks */,
			);
			runOnlyForDeploymentPostprocessing = 0;
		};
/* End PBXFrameworksBuildPhase section */

/* Begin PBXGroup section */
		6501B969213BD60F00DB60A6 = {
			isa = PBXGroup;
			children = (
				6501B9A3213C115200DB60A6 /* taoer.swift */,
				6501B99F213BFD4A00DB60A6 /* DBHelper.swift */,
				6501B987213BDC9900DB60A6 /* PersistenceLayer */,
				6501B974213BD60F00DB60A6 /* Try1Tokyo */,
				6501B973213BD60F00DB60A6 /* Products */,
				6501B99C213BFBB200DB60A6 /* Frameworks */,
			);
			sourceTree = "<group>";
		};
		6501B973213BD60F00DB60A6 /* Products */ = {
			isa = PBXGroup;
			children = (
				6501B972213BD60F00DB60A6 /* Try1Tokyo.app */,
			);
			name = Products;
			sourceTree = "<group>";
		};
		6501B974213BD60F00DB60A6 /* Try1Tokyo */ = {
			isa = PBXGroup;
			children = (
				6501B975213BD60F00DB60A6 /* AppDelegate.swift */,
				6501B977213BD60F00DB60A6 /* ViewController.swift */,
				6501B979213BD60F00DB60A6 /* Main.storyboard */,
				6501B97C213BD60F00DB60A6 /* Assets.xcassets */,
				6501B97E213BD60F00DB60A6 /* LaunchScreen.storyboard */,
				6501B981213BD60F00DB60A6 /* Info.plist */,
			);
			path = Try1Tokyo;
			sourceTree = "<group>";
		};
		6501B987213BDC9900DB60A6 /* PersistenceLayer */ = {
			isa = PBXGroup;
			children = (
				6501B988213BDC9900DB60A6 /* TokyoOlympics-Bridging-Header.h */,
				6501B989213BDC9900DB60A6 /* dao */,
				6501B98D213BDC9900DB60A6 /* domain */,
				6501B990213BDC9900DB60A6 /* DBFile */,
			);
			path = PersistenceLayer;
			sourceTree = "<group>";
		};
		6501B989213BDC9900DB60A6 /* dao */ = {
			isa = PBXGroup;
			children = (
				6501B98A213BDC9900DB60A6 /* ScheduleDAO.swift */,
				6501B98B213BDC9900DB60A6 /* EventsDAO.swift */,
				6501B98C213BDC9900DB60A6 /* BaseDAO.swift */,
			);
			path = dao;
			sourceTree = "<group>";
		};
		6501B98D213BDC9900DB60A6 /* domain */ = {
			isa = PBXGroup;
			children = (
				6501B98E213BDC9900DB60A6 /* Schedule.swift */,
				6501B98F213BDC9900DB60A6 /* Events.swift */,
			);
			path = domain;
			sourceTree = "<group>";
		};
		6501B990213BDC9900DB60A6 /* DBFile */ = {
			isa = PBXGroup;
			children = (
				6501B991213BDC9900DB60A6 /* Property List.plist */,
				6501B992213BDC9900DB60A6 /* DBConfig.plist */,
				6501B993213BDC9900DB60A6 /* create_load.sql */,
			);
			path = DBFile;
			sourceTree = "<group>";
		};
		6501B99C213BFBB200DB60A6 /* Frameworks */ = {
			isa = PBXGroup;
			children = (
				6501B99D213BFBB200DB60A6 /* libsqlite3.0.tbd */,
			);
			name = Frameworks;
			sourceTree = "<group>";
		};
/* End PBXGroup section */

/* Begin PBXNativeTarget section */
		6501B971213BD60F00DB60A6 /* Try1Tokyo */ = {
			isa = PBXNativeTarget;
			buildConfigurationList = 6501B984213BD60F00DB60A6 /* Build configuration list for PBXNativeTarget "Try1Tokyo" */;
			buildPhases = (
				6501B96E213BD60F00DB60A6 /* Sources */,
				6501B96F213BD60F00DB60A6 /* Frameworks */,
				6501B970213BD60F00DB60A6 /* Resources */,
			);
			buildRules = (
			);
			dependencies = (
			);
			name = Try1Tokyo;
			productName = Try1Tokyo;
			productReference = 6501B972213BD60F00DB60A6 /* Try1Tokyo.app */;
			productType = "com.apple.product-type.application";
		};
/* End PBXNativeTarget section */

/* Begin PBXProject section */
		6501B96A213BD60F00DB60A6 /* Project object */ = {
			isa = PBXProject;
			attributes = {
				LastSwiftUpdateCheck = 0940;
				LastUpgradeCheck = 0940;
				ORGANIZATIONNAME = "zhong wang";
				TargetAttributes = {
					6501B971213BD60F00DB60A6 = {
						CreatedOnToolsVersion = 9.4.1;
					};
				};
			};
			buildConfigurationList = 6501B96D213BD60F00DB60A6 /* Build configuration list for PBXProject "Try1Tokyo" */;
			compatibilityVersion = "Xcode 9.3";
			developmentRegion = en;
			hasScannedForEncodings = 0;
			knownRegions = (
				en,
				Base,
			);
			mainGroup = 6501B969213BD60F00DB60A6;
			productRefGroup = 6501B973213BD60F00DB60A6 /* Products */;
			projectDirPath = "";
			projectRoot = "";
			targets = (
				6501B971213BD60F00DB60A6 /* Try1Tokyo */,
			);
		};
/* End PBXProject section */

/* Begin PBXResourcesBuildPhase section */
		6501B970213BD60F00DB60A6 /* Resources */ = {
			isa = PBXResourcesBuildPhase;
			buildActionMask = 2147483647;
			files = (
				6501B99A213BDC9900DB60A6 /* DBConfig.plist in Resources */,
				6501B980213BD60F00DB60A6 /* LaunchScreen.storyboard in Resources */,
				6501B99B213BDC9900DB60A6 /* create_load.sql in Resources */,
				6501B97D213BD60F00DB60A6 /* Assets.xcassets in Resources */,
				6501B999213BDC9900DB60A6 /* Property List.plist in Resources */,
				6501B97B213BD60F00DB60A6 /* Main.storyboard in Resources */,
			);
			runOnlyForDeploymentPostprocessing = 0;
		};
/* End PBXResourcesBuildPhase section */

/* Begin PBXSourcesBuildPhase section */
		6501B96E213BD60F00DB60A6 /* Sources */ = {
			isa = PBXSourcesBuildPhase;
			buildActionMask = 2147483647;
			files = (
				6501B997213BDC9900DB60A6 /* Schedule.swift in Sources */,
				6501B978213BD60F00DB60A6 /* ViewController.swift in Sources */,
				6501B976213BD60F00DB60A6 /* AppDelegate.swift in Sources */,
				6501B994213BDC9900DB60A6 /* ScheduleDAO.swift in Sources */,
				6501B9A4213C115200DB60A6 /* taoer.swift in Sources */,
				6501B998213BDC9900DB60A6 /* Events.swift in Sources */,
				6501B995213BDC9900DB60A6 /* EventsDAO.swift in Sources */,
				6501B996213BDC9900DB60A6 /* BaseDAO.swift in Sources */,
				6501B9A0213BFD4A00DB60A6 /* DBHelper.swift in Sources */,
			);
			runOnlyForDeploymentPostprocessing = 0;
		};
/* End PBXSourcesBuildPhase section */

/* Begin PBXVariantGroup section */
		6501B979213BD60F00DB60A6 /* Main.storyboard */ = {
			isa = PBXVariantGroup;
			children = (
				6501B97A213BD60F00DB60A6 /* Base */,
			);
			name = Main.storyboard;
			sourceTree = "<group>";
		};
		6501B97E213BD60F00DB60A6 /* LaunchScreen.storyboard */ = {
			isa = PBXVariantGroup;
			children = (
				6501B97F213BD60F00DB60A6 /* Base */,
			);
			name = LaunchScreen.storyboard;
			sourceTree = "<group>";
		};
/* End PBXVariantGroup section */

/* Begin XCBuildConfiguration section */
		6501B982213BD60F00DB60A6 /* Debug */ = {
			isa = XCBuildConfiguration;
			buildSettings = {
				ALWAYS_SEARCH_USER_PATHS = NO;
				CLANG_ANALYZER_NONNULL = YES;
				CLANG_ANALYZER_NUMBER_OBJECT_CONVERSION = YES_AGGRESSIVE;
				CLANG_CXX_LANGUAGE_STANDARD = "gnu++14";
				CLANG_CXX_LIBRARY = "libc++";
				CLANG_ENABLE_MODULES = YES;
				CLANG_ENABLE_OBJC_ARC = YES;
				CLANG_ENABLE_OBJC_WEAK = YES;
				CLANG_WARN_BLOCK_CAPTURE_AUTORELEASING = YES;
				CLANG_WARN_BOOL_CONVERSION = YES;
				CLANG_WARN_COMMA = YES;
				CLANG_WARN_CONSTANT_CONVERSION = YES;
				CLANG_WARN_DEPRECATED_OBJC_IMPLEMENTATIONS = YES;
				CLANG_WARN_DIRECT_OBJC_ISA_USAGE = YES_ERROR;
				CLANG_WARN_DOCUMENTATION_COMMENTS = YES;
				CLANG_WARN_EMPTY_BODY = YES;
				CLANG_WARN_ENUM_CONVERSION = YES;
				CLANG_WARN_INFINITE_RECURSION = YES;
				CLANG_WARN_INT_CONVERSION = YES;
				CLANG_WARN_NON_LITERAL_NULL_CONVERSION = YES;
				CLANG_WARN_OBJC_IMPLICIT_RETAIN_SELF = YES;
				CLANG_WARN_OBJC_LITERAL_CONVERSION = YES;
				CLANG_WARN_OBJC_ROOT_CLASS = YES_ERROR;
				CLANG_WARN_RANGE_LOOP_ANALYSIS = YES;
				CLANG_WARN_STRICT_PROTOTYPES = YES;
				CLANG_WARN_SUSPICIOUS_MOVE = YES;
				CLANG_WARN_UNGUARDED_AVAILABILITY = YES_AGGRESSIVE;
				CLANG_WARN_UNREACHABLE_CODE = YES;
				CLANG_WARN__DUPLICATE_METHOD_MATCH = YES;
				CODE_SIGN_IDENTITY = "iPhone Developer";
				COPY_PHASE_STRIP = NO;
				DEBUG_INFORMATION_FORMAT = dwarf;
				ENABLE_STRICT_OBJC_MSGSEND = YES;
				ENABLE_TESTABILITY = YES;
				GCC_C_LANGUAGE_STANDARD = gnu11;
				GCC_DYNAMIC_NO_PIC = NO;
				GCC_NO_COMMON_BLOCKS = YES;
				GCC_OPTIMIZATION_LEVEL = 0;
				GCC_PREPROCESSOR_DEFINITIONS = (
					"DEBUG=1",
					"$(inherited)",
				);
				GCC_WARN_64_TO_32_BIT_CONVERSION = YES;
				GCC_WARN_ABOUT_RETURN_TYPE = YES_ERROR;
				GCC_WARN_UNDECLARED_SELECTOR = YES;
				GCC_WARN_UNINITIALIZED_AUTOS = YES_AGGRESSIVE;
				GCC_WARN_UNUSED_FUNCTION = YES;
				GCC_WARN_UNUSED_VARIABLE = YES;
				IPHONEOS_DEPLOYMENT_TARGET = 11.4;
				MTL_ENABLE_DEBUG_INFO = YES;
				ONLY_ACTIVE_ARCH = YES;
				SDKROOT = iphoneos;
				SWIFT_ACTIVE_COMPILATION_CONDITIONS = DEBUG;
				SWIFT_OPTIMIZATION_LEVEL = "-Onone";
			};
			name = Debug;
		};
		6501B983213BD60F00DB60A6 /* Release */ = {
			isa = XCBuildConfiguration;
			buildSettings = {
				ALWAYS_SEARCH_USER_PATHS = NO;
				CLANG_ANALYZER_NONNULL = YES;
				CLANG_ANALYZER_NUMBER_OBJECT_CONVERSION = YES_AGGRESSIVE;
				CLANG_CXX_LANGUAGE_STANDARD = "gnu++14";
				CLANG_CXX_LIBRARY = "libc++";
				CLANG_ENABLE_MODULES = YES;
				CLANG_ENABLE_OBJC_ARC = YES;
				CLANG_ENABLE_OBJC_WEAK = YES;
				CLANG_WARN_BLOCK_CAPTURE_AUTORELEASING = YES;
				CLANG_WARN_BOOL_CONVERSION = YES;
				CLANG_WARN_COMMA = YES;
				CLANG_WARN_CONSTANT_CONVERSION = YES;
				CLANG_WARN_DEPRECATED_OBJC_IMPLEMENTATIONS = YES;
				CLANG_WARN_DIRECT_OBJC_ISA_USAGE = YES_ERROR;
				CLANG_WARN_DOCUMENTATION_COMMENTS = YES;
				CLANG_WARN_EMPTY_BODY = YES;
				CLANG_WARN_ENUM_CONVERSION = YES;
				CLANG_WARN_INFINITE_RECURSION = YES;
				CLANG_WARN_INT_CONVERSION = YES;
				CLANG_WARN_NON_LITERAL_NULL_CONVERSION = YES;
				CLANG_WARN_OBJC_IMPLICIT_RETAIN_SELF = YES;
				CLANG_WARN_OBJC_LITERAL_CONVERSION = YES;
				CLANG_WARN_OBJC_ROOT_CLASS = YES_ERROR;
				CLANG_WARN_RANGE_LOOP_ANALYSIS = YES;
				CLANG_WARN_STRICT_PROTOTYPES = YES;
				CLANG_WARN_SUSPICIOUS_MOVE = YES;
				CLANG_WARN_UNGUARDED_AVAILABILITY = YES_AGGRESSIVE;
				CLANG_WARN_UNREACHABLE_CODE = YES;
				CLANG_WARN__DUPLICATE_METHOD_MATCH = YES;
				CODE_SIGN_IDENTITY = "iPhone Developer";
				COPY_PHASE_STRIP = NO;
				DEBUG_INFORMATION_FORMAT = "dwarf-with-dsym";
				ENABLE_NS_ASSERTIONS = NO;
				ENABLE_STRICT_OBJC_MSGSEND = YES;
				GCC_C_LANGUAGE_STANDARD = gnu11;
				GCC_NO_COMMON_BLOCKS = YES;
				GCC_WARN_64_TO_32_BIT_CONVERSION = YES;
				GCC_WARN_ABOUT_RETURN_TYPE = YES_ERROR;
				GCC_WARN_UNDECLARED_SELECTOR = YES;
				GCC_WARN_UNINITIALIZED_AUTOS = YES_AGGRESSIVE;
				GCC_WARN_UNUSED_FUNCTION = YES;
				GCC_WARN_UNUSED_VARIABLE = YES;
				IPHONEOS_DEPLOYMENT_TARGET = 11.4;
				MTL_ENABLE_DEBUG_INFO = NO;
				SDKROOT = iphoneos;
				SWIFT_COMPILATION_MODE = wholemodule;
				SWIFT_OPTIMIZATION_LEVEL = "-O";
				VALIDATE_PRODUCT = YES;
			};
			name = Release;
		};
		6501B985213BD60F00DB60A6 /* Debug */ = {
			isa = XCBuildConfiguration;
			buildSettings = {
				ASSETCATALOG_COMPILER_APPICON_NAME = AppIcon;
				CODE_SIGN_STYLE = Automatic;
				INFOPLIST_FILE = Try1Tokyo/Info.plist;
				LD_RUNPATH_SEARCH_PATHS = (
					"$(inherited)",
					"@executable_path/Frameworks",
				);
				PRODUCT_BUNDLE_IDENTIFIER = a.Try1Tokyo;
				PRODUCT_NAME = "$(TARGET_NAME)";
				SWIFT_OBJC_BRIDGING_HEADER = "PersistenceLayer/TokyoOlympics-Bridging-Header.h";
				SWIFT_VERSION = 4.0;
				TARGETED_DEVICE_FAMILY = "1,2";
			};
			name = Debug;
		};
		6501B986213BD60F00DB60A6 /* Release */ = {
			isa = XCBuildConfiguration;
			buildSettings = {
				ASSETCATALOG_COMPILER_APPICON_NAME = AppIcon;
				CODE_SIGN_STYLE = Automatic;
				INFOPLIST_FILE = Try1Tokyo/Info.plist;
				LD_RUNPATH_SEARCH_PATHS = (
					"$(inherited)",
					"@executable_path/Frameworks",
				);
				PRODUCT_BUNDLE_IDENTIFIER = a.Try1Tokyo;
				PRODUCT_NAME = "$(TARGET_NAME)";
				SWIFT_OBJC_BRIDGING_HEADER = "PersistenceLayer/TokyoOlympics-Bridging-Header.h";
				SWIFT_VERSION = 4.0;
				TARGETED_DEVICE_FAMILY = "1,2";
			};
			name = Release;
		};
/* End XCBuildConfiguration section */

/* Begin XCConfigurationList section */
		6501B96D213BD60F00DB60A6 /* Build configuration list for PBXProject "Try1Tokyo" */ = {
			isa = XCConfigurationList;
			buildConfigurations = (
				6501B982213BD60F00DB60A6 /* Debug */,
				6501B983213BD60F00DB60A6 /* Release */,
			);
			defaultConfigurationIsVisible = 0;
			defaultConfigurationName = Release;
		};
		6501B984213BD60F00DB60A6 /* Build configuration list for PBXNativeTarget "Try1Tokyo" */ = {
			isa = XCConfigurationList;
			buildConfigurations = (
				6501B985213BD60F00DB60A6 /* Debug */,
				6501B986213BD60F00DB60A6 /* Release */,
			);
			defaultConfigurationIsVisible = 0;
			defaultConfigurationName = Release;
		};
/* End XCConfigurationList section */
	};
	rootObject = 6501B96A213BD60F00DB60A6 /* Project object */;
}
